
Microsoft Visual Studio Solution File, Format Version 12.00
# Visual Studio 15
VisualStudioVersion = 15.0.26730.10
MinimumVisualStudioVersion = 10.0.40219.1
Project("{f2a71f9b-5d33-465a-a702-920d77279786}") = "SqueakyApp", "SqueakyApp\SqueakyApp.fsproj", "{B7ADC7B5-53E0-424E-A43F-D59B8638B9C5}"
EndProject
Project("{f2a71f9b-5d33-465a-a702-920d77279786}") = "SqueakyApp.Gtk", "SqueakyApp.Gtk\SqueakyApp.Gtk.fsproj", "{C6A6BA94-897C-48B5-8046-3DF33897BA94}"
EndProject
Project("{f2a71f9b-5d33-465a-a702-920d77279786}") = "SqueakyApp.Mac", "SqueakyApp.Mac\SqueakyApp.Mac.fsproj", "{41E4CB7D-466D-472F-81C7-38539B57C766}"
EndProject
Global
	GlobalSection(SolutionConfigurationPlatforms) = preSolution
		Ad-Hoc|Any CPU = Ad-Hoc|Any CPU
		Ad-Hoc|ARM = Ad-Hoc|ARM
		Ad-Hoc|iPhone = Ad-Hoc|iPhone
		Ad-Hoc|iPhoneSimulator = Ad-Hoc|iPhoneSimulator
		Ad-Hoc|x64 = Ad-Hoc|x64
		Ad-Hoc|x86 = Ad-Hoc|x86
		AppStore|Any CPU = AppStore|Any CPU
		AppStore|ARM = AppStore|ARM
		AppStore|iPhone = AppStore|iPhone
		AppStore|iPhoneSimulator = AppStore|iPhoneSimulator
		AppStore|x64 = AppStore|x64
		AppStore|x86 = AppStore|x86
		Debug|Any CPU = Debug|Any CPU
		Debug|ARM = Debug|ARM
		Debug|iPhone = Debug|iPhone
		Debug|iPhoneSimulator = Debug|iPhoneSimulator
		Debug|x64 = Debug|x64
		Debug|x86 = Debug|x86
		Release|Any CPU = Release|Any CPU
		Release|ARM = Release|ARM
		Release|iPhone = Release|iPhone
		Release|iPhoneSimulator = Release|iPhoneSimulator
		Release|x64 = Release|x64
		Release|x86 = Release|x86
	EndGlobalSection
	GlobalSection(ProjectConfigurationPlatforms) = postSolution
		{B7ADC7B5-53E0-424E-A43F-D59B8638B9C5}.Ad-Hoc|Any CPU.ActiveCfg = Debug|Any CPU
		{B7ADC7B5-53E0-424E-A43F-D59B8638B9C5}.Ad-Hoc|Any CPU.Build.0 = Debug|Any CPU
		{B7ADC7B5-53E0-424E-A43F-D59B8638B9C5}.Ad-Hoc|ARM.ActiveCfg = Debug|Any CPU
		{B7ADC7B5-53E0-424E-A43F-D59B8638B9C5}.Ad-Hoc|ARM.Build.0 = Debug|Any CPU
		{B7ADC7B5-53E0-424E-A43F-D59B8638B9C5}.Ad-Hoc|iPhone.ActiveCfg = Debug|Any CPU
		{B7ADC7B5-53E0-424E-A43F-D59B8638B9C5}.Ad-Hoc|iPhone.Build.0 = Debug|Any CPU
		{B7ADC7B5-53E0-424E-A43F-D59B8638B9C5}.Ad-Hoc|iPhoneSimulator.ActiveCfg = Debug|Any CPU
		{B7ADC7B5-53E0-424E-A43F-D59B8638B9C5}.Ad-Hoc|iPhoneSimulator.Build.0 = Debug|Any CPU
		{B7ADC7B5-53E0-424E-A43F-D59B8638B9C5}.Ad-Hoc|x64.ActiveCfg = Debug|Any CPU
		{B7ADC7B5-53E0-424E-A43F-D59B8638B9C5}.Ad-Hoc|x64.Build.0 = Debug|Any CPU
		{B7ADC7B5-53E0-424E-A43F-D59B8638B9C5}.Ad-Hoc|x86.ActiveCfg = Debug|Any CPU
		{B7ADC7B5-53E0-424E-A43F-D59B8638B9C5}.Ad-Hoc|x86.Build.0 = Debug|Any CPU
		{B7ADC7B5-53E0-424E-A43F-D59B8638B9C5}.AppStore|Any CPU.ActiveCfg = Debug|Any CPU
		{B7ADC7B5-53E0-424E-A43F-D59B8638B9C5}.AppStore|Any CPU.Build.0 = Debug|Any CPU
		{B7ADC7B5-53E0-424E-A43F-D59B8638B9C5}.AppStore|ARM.ActiveCfg = Debug|Any CPU
		{B7ADC7B5-53E0-424E-A43F-D59B8638B9C5}.AppStore|ARM.Build.0 = Debug|Any CPU
		{B7ADC7B5-53E0-424E-A43F-D59B8638B9C5}.AppStore|iPhone.ActiveCfg = Debug|Any CPU
		{B7ADC7B5-53E0-424E-A43F-D59B8638B9C5}.AppStore|iPhone.Build.0 = Debug|Any CPU
		{B7ADC7B5-53E0-424E-A43F-D59B8638B9C5}.AppStore|iPhoneSimulator.ActiveCfg = Debug|Any CPU
		{B7ADC7B5-53E0-424E-A43F-D59B8638B9C5}.AppStore|iPhoneSimulator.Build.0 = Debug|Any CPU
		{B7ADC7B5-53E0-424E-A43F-D59B8638B9C5}.AppStore|x64.ActiveCfg = Debug|Any CPU
		{B7ADC7B5-53E0-424E-A43F-D59B8638B9C5}.AppStore|x64.Build.0 = Debug|Any CPU
		{B7ADC7B5-53E0-424E-A43F-D59B8638B9C5}.AppStore|x86.ActiveCfg = Debug|Any CPU
		{B7ADC7B5-53E0-424E-A43F-D59B8638B9C5}.AppStore|x86.Build.0 = Debug|Any CPU
		{B7ADC7B5-53E0-424E-A43F-D59B8638B9C5}.Debug|Any CPU.ActiveCfg = Debug|Any CPU
		{B7ADC7B5-53E0-424E-A43F-D59B8638B9C5}.Debug|Any CPU.Build.0 = Debug|Any CPU
		{B7ADC7B5-53E0-424E-A43F-D59B8638B9C5}.Debug|ARM.ActiveCfg = Debug|Any CPU
		{B7ADC7B5-53E0-424E-A43F-D59B8638B9C5}.Debug|ARM.Build.0 = Debug|Any CPU
		{B7ADC7B5-53E0-424E-A43F-D59B8638B9C5}.Debug|iPhone.ActiveCfg = Debug|Any CPU
		{B7ADC7B5-53E0-424E-A43F-D59B8638B9C5}.Debug|iPhone.Build.0 = Debug|Any CPU
		{B7ADC7B5-53E0-424E-A43F-D59B8638B9C5}.Debug|iPhoneSimulator.ActiveCfg = Debug|Any CPU
		{B7ADC7B5-53E0-424E-A43F-D59B8638B9C5}.Debug|iPhoneSimulator.Build.0 = Debug|Any CPU
		{B7ADC7B5-53E0-424E-A43F-D59B8638B9C5}.Debug|x64.ActiveCfg = Debug|Any CPU
		{B7ADC7B5-53E0-424E-A43F-D59B8638B9C5}.Debug|x64.Build.0 = Debug|Any CPU
		{B7ADC7B5-53E0-424E-A43F-D59B8638B9C5}.Debug|x86.ActiveCfg = Debug|Any CPU
		{B7ADC7B5-53E0-424E-A43F-D59B8638B9C5}.Debug|x86.Build.0 = Debug|Any CPU
		{B7ADC7B5-53E0-424E-A43F-D59B8638B9C5}.Release|Any CPU.ActiveCfg = Release|Any CPU
		{B7ADC7B5-53E0-424E-A43F-D59B8638B9C5}.Release|Any CPU.Build.0 = Release|Any CPU
		{B7ADC7B5-53E0-424E-A43F-D59B8638B9C5}.Release|ARM.ActiveCfg = Release|Any CPU
		{B7ADC7B5-53E0-424E-A43F-D59B8638B9C5}.Release|ARM.Build.0 = Release|Any CPU
		{B7ADC7B5-53E0-424E-A43F-D59B8638B9C5}.Release|iPhone.ActiveCfg = Release|Any CPU
		{B7ADC7B5-53E0-424E-A43F-D59B8638B9C5}.Release|iPhone.Build.0 = Release|Any CPU
		{B7ADC7B5-53E0-424E-A43F-D59B8638B9C5}.Release|iPhoneSimulator.ActiveCfg = Release|Any CPU
		{B7ADC7B5-53E0-424E-A43F-D59B8638B9C5}.Release|iPhoneSimulator.Build.0 = Release|Any CPU
		{B7ADC7B5-53E0-424E-A43F-D59B8638B9C5}.Release|x64.ActiveCfg = Release|Any CPU
		{B7ADC7B5-53E0-424E-A43F-D59B8638B9C5}.Release|x64.Build.0 = Release|Any CPU
		{B7ADC7B5-53E0-424E-A43F-D59B8638B9C5}.Release|x86.ActiveCfg = Release|Any CPU
		{B7ADC7B5-53E0-424E-A43F-D59B8638B9C5}.Release|x86.Build.0 = Release|Any CPU
		{5665EFEB-0DA4-4F88-B8D5-12B3848593C9}.Ad-Hoc|Any CPU.ActiveCfg = Release|x86
		{5665EFEB-0DA4-4F88-B8D5-12B3848593C9}.Ad-Hoc|Any CPU.Build.0 = Release|x86
		{5665EFEB-0DA4-4F88-B8D5-12B3848593C9}.Ad-Hoc|Any CPU.Deploy.0 = Release|x86
		{5665EFEB-0DA4-4F88-B8D5-12B3848593C9}.Ad-Hoc|ARM.ActiveCfg = Release|ARM
		{5665EFEB-0DA4-4F88-B8D5-12B3848593C9}.Ad-Hoc|ARM.Build.0 = Release|ARM
		{5665EFEB-0DA4-4F88-B8D5-12B3848593C9}.Ad-Hoc|ARM.Deploy.0 = Release|ARM
		{5665EFEB-0DA4-4F88-B8D5-12B3848593C9}.Ad-Hoc|iPhone.ActiveCfg = Release|x86
		{5665EFEB-0DA4-4F88-B8D5-12B3848593C9}.Ad-Hoc|iPhone.Build.0 = Release|x86
		{5665EFEB-0DA4-4F88-B8D5-12B3848593C9}.Ad-Hoc|iPhone.Deploy.0 = Release|x86
		{5665EFEB-0DA4-4F88-B8D5-12B3848593C9}.Ad-Hoc|iPhoneSimulator.ActiveCfg = Release|x86
		{5665EFEB-0DA4-4F88-B8D5-12B3848593C9}.Ad-Hoc|iPhoneSimulator.Build.0 = Release|x86
		{5665EFEB-0DA4-4F88-B8D5-12B3848593C9}.Ad-Hoc|iPhoneSimulator.Deploy.0 = Release|x86
		{5665EFEB-0DA4-4F88-B8D5-12B3848593C9}.Ad-Hoc|x64.ActiveCfg = Release|x64
		{5665EFEB-0DA4-4F88-B8D5-12B3848593C9}.Ad-Hoc|x64.Build.0 = Release|x64
		{5665EFEB-0DA4-4F88-B8D5-12B3848593C9}.Ad-Hoc|x64.Deploy.0 = Release|x64
		{5665EFEB-0DA4-4F88-B8D5-12B3848593C9}.Ad-Hoc|x86.ActiveCfg = Release|x86
		{5665EFEB-0DA4-4F88-B8D5-12B3848593C9}.Ad-Hoc|x86.Build.0 = Release|x86
		{5665EFEB-0DA4-4F88-B8D5-12B3848593C9}.Ad-Hoc|x86.Deploy.0 = Release|x86
		{5665EFEB-0DA4-4F88-B8D5-12B3848593C9}.AppStore|Any CPU.ActiveCfg = Release|x86
		{5665EFEB-0DA4-4F88-B8D5-12B3848593C9}.AppStore|Any CPU.Build.0 = Release|x86
		{5665EFEB-0DA4-4F88-B8D5-12B3848593C9}.AppStore|Any CPU.Deploy.0 = Release|x86
		{5665EFEB-0DA4-4F88-B8D5-12B3848593C9}.AppStore|ARM.ActiveCfg = Release|ARM
		{5665EFEB-0DA4-4F88-B8D5-12B3848593C9}.AppStore|ARM.Build.0 = Release|ARM
		{5665EFEB-0DA4-4F88-B8D5-12B3848593C9}.AppStore|ARM.Deploy.0 = Release|ARM
		{5665EFEB-0DA4-4F88-B8D5-12B3848593C9}.AppStore|iPhone.ActiveCfg = Release|x86
		{5665EFEB-0DA4-4F88-B8D5-12B3848593C9}.AppStore|iPhone.Build.0 = Release|x86
		{5665EFEB-0DA4-4F88-B8D5-12B3848593C9}.AppStore|iPhone.Deploy.0 = Release|x86
		{5665EFEB-0DA4-4F88-B8D5-12B3848593C9}.AppStore|iPhoneSimulator.ActiveCfg = Release|x86
		{5665EFEB-0DA4-4F88-B8D5-12B3848593C9}.AppStore|iPhoneSimulator.Build.0 = Release|x86
		{5665EFEB-0DA4-4F88-B8D5-12B3848593C9}.AppStore|iPhoneSimulator.Deploy.0 = Release|x86
		{5665EFEB-0DA4-4F88-B8D5-12B3848593C9}.AppStore|x64.ActiveCfg = Release|x64
		{5665EFEB-0DA4-4F88-B8D5-12B3848593C9}.AppStore|x64.Build.0 = Release|x64
		{5665EFEB-0DA4-4F88-B8D5-12B3848593C9}.AppStore|x64.Deploy.0 = Release|x64
		{5665EFEB-0DA4-4F88-B8D5-12B3848593C9}.AppStore|x86.ActiveCfg = Release|x86
		{5665EFEB-0DA4-4F88-B8D5-12B3848593C9}.AppStore|x86.Build.0 = Release|x86
		{5665EFEB-0DA4-4F88-B8D5-12B3848593C9}.AppStore|x86.Deploy.0 = Release|x86
		{5665EFEB-0DA4-4F88-B8D5-12B3848593C9}.Debug|Any CPU.ActiveCfg = Debug|x86
		{5665EFEB-0DA4-4F88-B8D5-12B3848593C9}.Debug|ARM.ActiveCfg = Debug|ARM
		{5665EFEB-0DA4-4F88-B8D5-12B3848593C9}.Debug|ARM.Build.0 = Debug|ARM
		{5665EFEB-0DA4-4F88-B8D5-12B3848593C9}.Debug|ARM.Deploy.0 = Debug|ARM
		{5665EFEB-0DA4-4F88-B8D5-12B3848593C9}.Debug|iPhone.ActiveCfg = Debug|x86
		{5665EFEB-0DA4-4F88-B8D5-12B3848593C9}.Debug|iPhoneSimulator.ActiveCfg = Debug|x86
		{5665EFEB-0DA4-4F88-B8D5-12B3848593C9}.Debug|x64.ActiveCfg = Debug|x64
		{5665EFEB-0DA4-4F88-B8D5-12B3848593C9}.Debug|x64.Build.0 = Debug|x64
		{5665EFEB-0DA4-4F88-B8D5-12B3848593C9}.Debug|x64.Deploy.0 = Debug|x64
		{5665EFEB-0DA4-4F88-B8D5-12B3848593C9}.Debug|x86.ActiveCfg = Debug|x86
		{5665EFEB-0DA4-4F88-B8D5-12B3848593C9}.Debug|x86.Build.0 = Debug|x86
		{5665EFEB-0DA4-4F88-B8D5-12B3848593C9}.Debug|x86.Deploy.0 = Debug|x86
		{5665EFEB-0DA4-4F88-B8D5-12B3848593C9}.Release|Any CPU.ActiveCfg = Release|x86
		{5665EFEB-0DA4-4F88-B8D5-12B3848593C9}.Release|ARM.ActiveCfg = Release|ARM
		{5665EFEB-0DA4-4F88-B8D5-12B3848593C9}.Release|ARM.Build.0 = Release|ARM
		{5665EFEB-0DA4-4F88-B8D5-12B3848593C9}.Release|ARM.Deploy.0 = Release|ARM
		{5665EFEB-0DA4-4F88-B8D5-12B3848593C9}.Release|iPhone.ActiveCfg = Release|x86
		{5665EFEB-0DA4-4F88-B8D5-12B3848593C9}.Release|iPhoneSimulator.ActiveCfg = Release|x86
		{5665EFEB-0DA4-4F88-B8D5-12B3848593C9}.Release|x64.ActiveCfg = Release|x64
		{5665EFEB-0DA4-4F88-B8D5-12B3848593C9}.Release|x64.Build.0 = Release|x64
		{5665EFEB-0DA4-4F88-B8D5-12B3848593C9}.Release|x64.Deploy.0 = Release|x64
		{5665EFEB-0DA4-4F88-B8D5-12B3848593C9}.Release|x86.ActiveCfg = Release|x86
		{5665EFEB-0DA4-4F88-B8D5-12B3848593C9}.Release|x86.Build.0 = Release|x86
		{5665EFEB-0DA4-4F88-B8D5-12B3848593C9}.Release|x86.Deploy.0 = Release|x86
		{CAAD35CF-6E2D-41F1-AFD7-072CDC61FBA5}.Ad-Hoc|Any CPU.ActiveCfg = Release|Any CPU
		{CAAD35CF-6E2D-41F1-AFD7-072CDC61FBA5}.Ad-Hoc|Any CPU.Build.0 = Release|Any CPU
		{CAAD35CF-6E2D-41F1-AFD7-072CDC61FBA5}.Ad-Hoc|ARM.ActiveCfg = Release|Any CPU
		{CAAD35CF-6E2D-41F1-AFD7-072CDC61FBA5}.Ad-Hoc|ARM.Build.0 = Release|Any CPU
		{CAAD35CF-6E2D-41F1-AFD7-072CDC61FBA5}.Ad-Hoc|iPhone.ActiveCfg = Release|Any CPU
		{CAAD35CF-6E2D-41F1-AFD7-072CDC61FBA5}.Ad-Hoc|iPhone.Build.0 = Release|Any CPU
		{CAAD35CF-6E2D-41F1-AFD7-072CDC61FBA5}.Ad-Hoc|iPhoneSimulator.ActiveCfg = Release|Any CPU
		{CAAD35CF-6E2D-41F1-AFD7-072CDC61FBA5}.Ad-Hoc|iPhoneSimulator.Build.0 = Release|Any CPU
		{CAAD35CF-6E2D-41F1-AFD7-072CDC61FBA5}.Ad-Hoc|x64.ActiveCfg = Release|Any CPU
		{CAAD35CF-6E2D-41F1-AFD7-072CDC61FBA5}.Ad-Hoc|x64.Build.0 = Release|Any CPU
		{CAAD35CF-6E2D-41F1-AFD7-072CDC61FBA5}.Ad-Hoc|x86.ActiveCfg = Release|Any CPU
		{CAAD35CF-6E2D-41F1-AFD7-072CDC61FBA5}.Ad-Hoc|x86.Build.0 = Release|Any CPU
		{CAAD35CF-6E2D-41F1-AFD7-072CDC61FBA5}.AppStore|Any CPU.ActiveCfg = Release|Any CPU
		{CAAD35CF-6E2D-41F1-AFD7-072CDC61FBA5}.AppStore|Any CPU.Build.0 = Release|Any CPU
		{CAAD35CF-6E2D-41F1-AFD7-072CDC61FBA5}.AppStore|ARM.ActiveCfg = Release|Any CPU
		{CAAD35CF-6E2D-41F1-AFD7-072CDC61FBA5}.AppStore|ARM.Build.0 = Release|Any CPU
		{CAAD35CF-6E2D-41F1-AFD7-072CDC61FBA5}.AppStore|iPhone.ActiveCfg = Release|Any CPU
		{CAAD35CF-6E2D-41F1-AFD7-072CDC61FBA5}.AppStore|iPhone.Build.0 = Release|Any CPU
		{CAAD35CF-6E2D-41F1-AFD7-072CDC61FBA5}.AppStore|iPhoneSimulator.ActiveCfg = Release|Any CPU
		{CAAD35CF-6E2D-41F1-AFD7-072CDC61FBA5}.AppStore|iPhoneSimulator.Build.0 = Release|Any CPU
		{CAAD35CF-6E2D-41F1-AFD7-072CDC61FBA5}.AppStore|x64.ActiveCfg = Release|Any CPU
		{CAAD35CF-6E2D-41F1-AFD7-072CDC61FBA5}.AppStore|x64.Build.0 = Release|Any CPU
		{CAAD35CF-6E2D-41F1-AFD7-072CDC61FBA5}.AppStore|x86.ActiveCfg = Release|Any CPU
		{CAAD35CF-6E2D-41F1-AFD7-072CDC61FBA5}.AppStore|x86.Build.0 = Release|Any CPU
		{CAAD35CF-6E2D-41F1-AFD7-072CDC61FBA5}.Debug|Any CPU.ActiveCfg = Debug|Any CPU
		{CAAD35CF-6E2D-41F1-AFD7-072CDC61FBA5}.Debug|Any CPU.Build.0 = Debug|Any CPU
		{CAAD35CF-6E2D-41F1-AFD7-072CDC61FBA5}.Debug|ARM.ActiveCfg = Debug|Any CPU
		{CAAD35CF-6E2D-41F1-AFD7-072CDC61FBA5}.Debug|ARM.Build.0 = Debug|Any CPU
		{CAAD35CF-6E2D-41F1-AFD7-072CDC61FBA5}.Debug|iPhone.ActiveCfg = Debug|Any CPU
		{CAAD35CF-6E2D-41F1-AFD7-072CDC61FBA5}.Debug|iPhone.Build.0 = Debug|Any CPU
		{CAAD35CF-6E2D-41F1-AFD7-072CDC61FBA5}.Debug|iPhoneSimulator.ActiveCfg = Debug|Any CPU
		{CAAD35CF-6E2D-41F1-AFD7-072CDC61FBA5}.Debug|iPhoneSimulator.Build.0 = Debug|Any CPU
		{CAAD35CF-6E2D-41F1-AFD7-072CDC61FBA5}.Debug|x64.ActiveCfg = Debug|Any CPU
		{CAAD35CF-6E2D-41F1-AFD7-072CDC61FBA5}.Debug|x64.Build.0 = Debug|Any CPU
		{CAAD35CF-6E2D-41F1-AFD7-072CDC61FBA5}.Debug|x86.ActiveCfg = Debug|Any CPU
		{CAAD35CF-6E2D-41F1-AFD7-072CDC61FBA5}.Debug|x86.Build.0 = Debug|Any CPU
		{CAAD35CF-6E2D-41F1-AFD7-072CDC61FBA5}.Release|Any CPU.ActiveCfg = Release|Any CPU
		{CAAD35CF-6E2D-41F1-AFD7-072CDC61FBA5}.Release|Any CPU.Build.0 = Release|Any CPU
		{CAAD35CF-6E2D-41F1-AFD7-072CDC61FBA5}.Release|ARM.ActiveCfg = Release|Any CPU
		{CAAD35CF-6E2D-41F1-AFD7-072CDC61FBA5}.Release|ARM.Build.0 = Release|Any CPU
		{CAAD35CF-6E2D-41F1-AFD7-072CDC61FBA5}.Release|iPhone.ActiveCfg = Release|Any CPU
		{CAAD35CF-6E2D-41F1-AFD7-072CDC61FBA5}.Release|iPhone.Build.0 = Release|Any CPU
		{CAAD35CF-6E2D-41F1-AFD7-072CDC61FBA5}.Release|iPhoneSimulator.ActiveCfg = Release|Any CPU
		{CAAD35CF-6E2D-41F1-AFD7-072CDC61FBA5}.Release|iPhoneSimulator.Build.0 = Release|Any CPU
		{CAAD35CF-6E2D-41F1-AFD7-072CDC61FBA5}.Release|x64.ActiveCfg = Release|Any CPU
		{CAAD35CF-6E2D-41F1-AFD7-072CDC61FBA5}.Release|x64.Build.0 = Release|Any CPU
		{CAAD35CF-6E2D-41F1-AFD7-072CDC61FBA5}.Release|x86.ActiveCfg = Release|Any CPU
		{CAAD35CF-6E2D-41F1-AFD7-072CDC61FBA5}.Release|x86.Build.0 = Release|Any CPU
		{C6A6BA94-897C-48B5-8046-3DF33897BA94}.Ad-Hoc|Any CPU.ActiveCfg = Debug|Any CPU
		{C6A6BA94-897C-48B5-8046-3DF33897BA94}.Ad-Hoc|Any CPU.Build.0 = Debug|Any CPU
		{C6A6BA94-897C-48B5-8046-3DF33897BA94}.Ad-Hoc|ARM.ActiveCfg = Debug|Any CPU
		{C6A6BA94-897C-48B5-8046-3DF33897BA94}.Ad-Hoc|ARM.Build.0 = Debug|Any CPU
		{C6A6BA94-897C-48B5-8046-3DF33897BA94}.Ad-Hoc|iPhone.ActiveCfg = Debug|Any CPU
		{C6A6BA94-897C-48B5-8046-3DF33897BA94}.Ad-Hoc|iPhone.Build.0 = Debug|Any CPU
		{C6A6BA94-897C-48B5-8046-3DF33897BA94}.Ad-Hoc|iPhoneSimulator.ActiveCfg = Debug|Any CPU
		{C6A6BA94-897C-48B5-8046-3DF33897BA94}.Ad-Hoc|iPhoneSimulator.Build.0 = Debug|Any CPU
		{C6A6BA94-897C-48B5-8046-3DF33897BA94}.Ad-Hoc|x64.ActiveCfg = Debug|Any CPU
		{C6A6BA94-897C-48B5-8046-3DF33897BA94}.Ad-Hoc|x64.Build.0 = Debug|Any CPU
		{C6A6BA94-897C-48B5-8046-3DF33897BA94}.Ad-Hoc|x86.ActiveCfg = Debug|Any CPU
		{C6A6BA94-897C-48B5-8046-3DF33897BA94}.Ad-Hoc|x86.Build.0 = Debug|Any CPU
		{C6A6BA94-897C-48B5-8046-3DF33897BA94}.AppStore|Any CPU.ActiveCfg = Debug|Any CPU
		{C6A6BA94-897C-48B5-8046-3DF33897BA94}.AppStore|Any CPU.Build.0 = Debug|Any CPU
		{C6A6BA94-897C-48B5-8046-3DF33897BA94}.AppStore|ARM.ActiveCfg = Debug|Any CPU
		{C6A6BA94-897C-48B5-8046-3DF33897BA94}.AppStore|ARM.Build.0 = Debug|Any CPU
		{C6A6BA94-897C-48B5-8046-3DF33897BA94}.AppStore|iPhone.ActiveCfg = Debug|Any CPU
		{C6A6BA94-897C-48B5-8046-3DF33897BA94}.AppStore|iPhone.Build.0 = Debug|Any CPU
		{C6A6BA94-897C-48B5-8046-3DF33897BA94}.AppStore|iPhoneSimulator.ActiveCfg = Debug|Any CPU
		{C6A6BA94-897C-48B5-8046-3DF33897BA94}.AppStore|iPhoneSimulator.Build.0 = Debug|Any CPU
		{C6A6BA94-897C-48B5-8046-3DF33897BA94}.AppStore|x64.ActiveCfg = Debug|Any CPU
		{C6A6BA94-897C-48B5-8046-3DF33897BA94}.AppStore|x64.Build.0 = Debug|Any CPU
		{C6A6BA94-897C-48B5-8046-3DF33897BA94}.AppStore|x86.ActiveCfg = Debug|Any CPU
		{C6A6BA94-897C-48B5-8046-3DF33897BA94}.AppStore|x86.Build.0 = Debug|Any CPU
		{C6A6BA94-897C-48B5-8046-3DF33897BA94}.Debug|Any CPU.ActiveCfg = Debug|Any CPU
		{C6A6BA94-897C-48B5-8046-3DF33897BA94}.Debug|Any CPU.Build.0 = Debug|Any CPU
		{C6A6BA94-897C-48B5-8046-3DF33897BA94}.Debug|ARM.ActiveCfg = Debug|Any CPU
		{C6A6BA94-897C-48B5-8046-3DF33897BA94}.Debug|ARM.Build.0 = Debug|Any CPU
		{C6A6BA94-897C-48B5-8046-3DF33897BA94}.Debug|iPhone.ActiveCfg = Debug|Any CPU
		{C6A6BA94-897C-48B5-8046-3DF33897BA94}.Debug|iPhone.Build.0 = Debug|Any CPU
		{C6A6BA94-897C-48B5-8046-3DF33897BA94}.Debug|iPhoneSimulator.ActiveCfg = Debug|Any CPU
		{C6A6BA94-897C-48B5-8046-3DF33897BA94}.Debug|iPhoneSimulator.Build.0 = Debug|Any CPU
		{C6A6BA94-897C-48B5-8046-3DF33897BA94}.Debug|x64.ActiveCfg = Debug|Any CPU
		{C6A6BA94-897C-48B5-8046-3DF33897BA94}.Debug|x64.Build.0 = Debug|Any CPU
		{C6A6BA94-897C-48B5-8046-3DF33897BA94}.Debug|x86.ActiveCfg = Debug|Any CPU
		{C6A6BA94-897C-48B5-8046-3DF33897BA94}.Debug|x86.Build.0 = Debug|Any CPU
		{C6A6BA94-897C-48B5-8046-3DF33897BA94}.Release|Any CPU.ActiveCfg = Release|Any CPU
		{C6A6BA94-897C-48B5-8046-3DF33897BA94}.Release|Any CPU.Build.0 = Release|Any CPU
		{C6A6BA94-897C-48B5-8046-3DF33897BA94}.Release|ARM.ActiveCfg = Release|Any CPU
		{C6A6BA94-897C-48B5-8046-3DF33897BA94}.Release|ARM.Build.0 = Release|Any CPU
		{C6A6BA94-897C-48B5-8046-3DF33897BA94}.Release|iPhone.ActiveCfg = Release|Any CPU
		{C6A6BA94-897C-48B5-8046-3DF33897BA94}.Release|iPhone.Build.0 = Release|Any CPU
		{C6A6BA94-897C-48B5-8046-3DF33897BA94}.Release|iPhoneSimulator.ActiveCfg = Release|Any CPU
		{C6A6BA94-897C-48B5-8046-3DF33897BA94}.Release|iPhoneSimulator.Build.0 = Release|Any CPU
		{C6A6BA94-897C-48B5-8046-3DF33897BA94}.Release|x64.ActiveCfg = Release|Any CPU
		{C6A6BA94-897C-48B5-8046-3DF33897BA94}.Release|x64.Build.0 = Release|Any CPU
		{C6A6BA94-897C-48B5-8046-3DF33897BA94}.Release|x86.ActiveCfg = Release|Any CPU
		{C6A6BA94-897C-48B5-8046-3DF33897BA94}.Release|x86.Build.0 = Release|Any CPU
		{41E4CB7D-466D-472F-81C7-38539B57C766}.Ad-Hoc|Any CPU.ActiveCfg = Debug|Any CPU
		{41E4CB7D-466D-472F-81C7-38539B57C766}.Ad-Hoc|Any CPU.Build.0 = Debug|Any CPU
		{41E4CB7D-466D-472F-81C7-38539B57C766}.Ad-Hoc|ARM.ActiveCfg = Debug|Any CPU
		{41E4CB7D-466D-472F-81C7-38539B57C766}.Ad-Hoc|ARM.Build.0 = Debug|Any CPU
		{41E4CB7D-466D-472F-81C7-38539B57C766}.Ad-Hoc|iPhone.ActiveCfg = Debug|Any CPU
		{41E4CB7D-466D-472F-81C7-38539B57C766}.Ad-Hoc|iPhone.Build.0 = Debug|Any CPU
		{41E4CB7D-466D-472F-81C7-38539B57C766}.Ad-Hoc|iPhoneSimulator.ActiveCfg = Debug|Any CPU
		{41E4CB7D-466D-472F-81C7-38539B57C766}.Ad-Hoc|iPhoneSimulator.Build.0 = Debug|Any CPU
		{41E4CB7D-466D-472F-81C7-38539B57C766}.Ad-Hoc|x64.ActiveCfg = Debug|Any CPU
		{41E4CB7D-466D-472F-81C7-38539B57C766}.Ad-Hoc|x64.Build.0 = Debug|Any CPU
		{41E4CB7D-466D-472F-81C7-38539B57C766}.Ad-Hoc|x86.ActiveCfg = Debug|Any CPU
		{41E4CB7D-466D-472F-81C7-38539B57C766}.Ad-Hoc|x86.Build.0 = Debug|Any CPU
		{41E4CB7D-466D-472F-81C7-38539B57C766}.AppStore|Any CPU.ActiveCfg = Debug|Any CPU
		{41E4CB7D-466D-472F-81C7-38539B57C766}.AppStore|Any CPU.Build.0 = Debug|Any CPU
		{41E4CB7D-466D-472F-81C7-38539B57C766}.AppStore|ARM.ActiveCfg = Debug|Any CPU
		{41E4CB7D-466D-472F-81C7-38539B57C766}.AppStore|ARM.Build.0 = Debug|Any CPU
		{41E4CB7D-466D-472F-81C7-38539B57C766}.AppStore|iPhone.ActiveCfg = Debug|Any CPU
		{41E4CB7D-466D-472F-81C7-38539B57C766}.AppStore|iPhone.Build.0 = Debug|Any CPU
		{41E4CB7D-466D-472F-81C7-38539B57C766}.AppStore|iPhoneSimulator.ActiveCfg = Debug|Any CPU
		{41E4CB7D-466D-472F-81C7-38539B57C766}.AppStore|iPhoneSimulator.Build.0 = Debug|Any CPU
		{41E4CB7D-466D-472F-81C7-38539B57C766}.AppStore|x64.ActiveCfg = Debug|Any CPU
		{41E4CB7D-466D-472F-81C7-38539B57C766}.AppStore|x64.Build.0 = Debug|Any CPU
		{41E4CB7D-466D-472F-81C7-38539B57C766}.AppStore|x86.ActiveCfg = Debug|Any CPU
		{41E4CB7D-466D-472F-81C7-38539B57C766}.AppStore|x86.Build.0 = Debug|Any CPU
		{41E4CB7D-466D-472F-81C7-38539B57C766}.Debug|Any CPU.ActiveCfg = Debug|Any CPU
		{41E4CB7D-466D-472F-81C7-38539B57C766}.Debug|Any CPU.Build.0 = Debug|Any CPU
		{41E4CB7D-466D-472F-81C7-38539B57C766}.Debug|ARM.ActiveCfg = Debug|Any CPU
		{41E4CB7D-466D-472F-81C7-38539B57C766}.Debug|ARM.Build.0 = Debug|Any CPU
		{41E4CB7D-466D-472F-81C7-38539B57C766}.Debug|iPhone.ActiveCfg = Debug|Any CPU
		{41E4CB7D-466D-472F-81C7-38539B57C766}.Debug|iPhone.Build.0 = Debug|Any CPU
		{41E4CB7D-466D-472F-81C7-38539B57C766}.Debug|iPhoneSimulator.ActiveCfg = Debug|Any CPU
		{41E4CB7D-466D-472F-81C7-38539B57C766}.Debug|iPhoneSimulator.Build.0 = Debug|Any CPU
		{41E4CB7D-466D-472F-81C7-38539B57C766}.Debug|x64.ActiveCfg = Debug|Any CPU
		{41E4CB7D-466D-472F-81C7-38539B57C766}.Debug|x64.Build.0 = Debug|Any CPU
		{41E4CB7D-466D-472F-81C7-38539B57C766}.Debug|x86.ActiveCfg = Debug|Any CPU
		{41E4CB7D-466D-472F-81C7-38539B57C766}.Debug|x86.Build.0 = Debug|Any CPU
		{41E4CB7D-466D-472F-81C7-38539B57C766}.Release|Any CPU.ActiveCfg = Release|Any CPU
		{41E4CB7D-466D-472F-81C7-38539B57C766}.Release|Any CPU.Build.0 = Release|Any CPU
		{41E4CB7D-466D-472F-81C7-38539B57C766}.Release|ARM.ActiveCfg = Release|Any CPU
		{41E4CB7D-466D-472F-81C7-38539B57C766}.Release|ARM.Build.0 = Release|Any CPU
		{41E4CB7D-466D-472F-81C7-38539B57C766}.Release|iPhone.ActiveCfg = Release|Any CPU
		{41E4CB7D-466D-472F-81C7-38539B57C766}.Release|iPhone.Build.0 = Release|Any CPU
		{41E4CB7D-466D-472F-81C7-38539B57C766}.Release|iPhoneSimulator.ActiveCfg = Release|Any CPU
		{41E4CB7D-466D-472F-81C7-38539B57C766}.Release|iPhoneSimulator.Build.0 = Release|Any CPU
		{41E4CB7D-466D-472F-81C7-38539B57C766}.Release|x64.ActiveCfg = Release|Any CPU
		{41E4CB7D-466D-472F-81C7-38539B57C766}.Release|x64.Build.0 = Release|Any CPU
		{41E4CB7D-466D-472F-81C7-38539B57C766}.Release|x86.ActiveCfg = Release|Any CPU
		{41E4CB7D-466D-472F-81C7-38539B57C766}.Release|x86.Build.0 = Release|Any CPU
	EndGlobalSection
	GlobalSection(SolutionProperties) = preSolution
		HideSolutionNode = FALSE
	EndGlobalSection
	GlobalSection(ExtensibilityGlobals) = postSolution
		SolutionGuid = {F6D05029-56B8-4E45-AF2D-0E76295DDBA2}
	EndGlobalSection
EndGlobal
